
Microsoft Visual Studio Solution File, Format Version 12.00
# Visual Studio 15
VisualStudioVersion = 15.0.28010.2003
MinimumVisualStudioVersion = 10.0.40219.1
Project("{FAE04EC0-301F-11D3-BF4B-00C04F79EFBC}") = "TicTacToe.Android", "TicTacToe\TicTacToe.Android\TicTacToe.Android.csproj", "{4DC3A0B1-03A1-4887-B20B-AB36A53543AE}"
EndProject
Project("{FAE04EC0-301F-11D3-BF4B-00C04F79EFBC}") = "TicTacToe.iOS", "TicTacToe\TicTacToe.iOS\TicTacToe.iOS.csproj", "{95332713-E605-4A0D-8877-0AC9A84D2629}"
EndProject
Project("{FAE04EC0-301F-11D3-BF4B-00C04F79EFBC}") = "TicTacToe.UWP", "TicTacToe\TicTacToe.UWP\TicTacToe.UWP.csproj", "{0534A514-6122-44FC-80C0-35E43645410F}"
EndProject
Project("{FAE04EC0-301F-11D3-BF4B-00C04F79EFBC}") = "TicTacToe", "TicTacToe\TicTacToe\TicTacToe.csproj", "{9484173A-880C-45B2-9B01-B18FF2806D71}"
EndProject
Global
	GlobalSection(SolutionConfigurationPlatforms) = preSolution
		Ad-Hoc|Any CPU = Ad-Hoc|Any CPU
		Ad-Hoc|ARM = Ad-Hoc|ARM
		Ad-Hoc|iPhone = Ad-Hoc|iPhone
		Ad-Hoc|iPhoneSimulator = Ad-Hoc|iPhoneSimulator
		Ad-Hoc|x64 = Ad-Hoc|x64
		Ad-Hoc|x86 = Ad-Hoc|x86
		AppStore|Any CPU = AppStore|Any CPU
		AppStore|ARM = AppStore|ARM
		AppStore|iPhone = AppStore|iPhone
		AppStore|iPhoneSimulator = AppStore|iPhoneSimulator
		AppStore|x64 = AppStore|x64
		AppStore|x86 = AppStore|x86
		Debug|Any CPU = Debug|Any CPU
		Debug|ARM = Debug|ARM
		Debug|iPhone = Debug|iPhone
		Debug|iPhoneSimulator = Debug|iPhoneSimulator
		Debug|x64 = Debug|x64
		Debug|x86 = Debug|x86
		Release|Any CPU = Release|Any CPU
		Release|ARM = Release|ARM
		Release|iPhone = Release|iPhone
		Release|iPhoneSimulator = Release|iPhoneSimulator
		Release|x64 = Release|x64
		Release|x86 = Release|x86
	EndGlobalSection
	GlobalSection(ProjectConfigurationPlatforms) = postSolution
		{4DC3A0B1-03A1-4887-B20B-AB36A53543AE}.Ad-Hoc|Any CPU.ActiveCfg = Release|Any CPU
		{4DC3A0B1-03A1-4887-B20B-AB36A53543AE}.Ad-Hoc|Any CPU.Build.0 = Release|Any CPU
		{4DC3A0B1-03A1-4887-B20B-AB36A53543AE}.Ad-Hoc|Any CPU.Deploy.0 = Release|Any CPU
		{4DC3A0B1-03A1-4887-B20B-AB36A53543AE}.Ad-Hoc|ARM.ActiveCfg = Release|Any CPU
		{4DC3A0B1-03A1-4887-B20B-AB36A53543AE}.Ad-Hoc|ARM.Build.0 = Release|Any CPU
		{4DC3A0B1-03A1-4887-B20B-AB36A53543AE}.Ad-Hoc|ARM.Deploy.0 = Release|Any CPU
		{4DC3A0B1-03A1-4887-B20B-AB36A53543AE}.Ad-Hoc|iPhone.ActiveCfg = Release|Any CPU
		{4DC3A0B1-03A1-4887-B20B-AB36A53543AE}.Ad-Hoc|iPhone.Build.0 = Release|Any CPU
		{4DC3A0B1-03A1-4887-B20B-AB36A53543AE}.Ad-Hoc|iPhone.Deploy.0 = Release|Any CPU
		{4DC3A0B1-03A1-4887-B20B-AB36A53543AE}.Ad-Hoc|iPhoneSimulator.ActiveCfg = Release|Any CPU
		{4DC3A0B1-03A1-4887-B20B-AB36A53543AE}.Ad-Hoc|iPhoneSimulator.Build.0 = Release|Any CPU
		{4DC3A0B1-03A1-4887-B20B-AB36A53543AE}.Ad-Hoc|iPhoneSimulator.Deploy.0 = Release|Any CPU
		{4DC3A0B1-03A1-4887-B20B-AB36A53543AE}.Ad-Hoc|x64.ActiveCfg = Release|Any CPU
		{4DC3A0B1-03A1-4887-B20B-AB36A53543AE}.Ad-Hoc|x64.Build.0 = Release|Any CPU
		{4DC3A0B1-03A1-4887-B20B-AB36A53543AE}.Ad-Hoc|x64.Deploy.0 = Release|Any CPU
		{4DC3A0B1-03A1-4887-B20B-AB36A53543AE}.Ad-Hoc|x86.ActiveCfg = Release|Any CPU
		{4DC3A0B1-03A1-4887-B20B-AB36A53543AE}.Ad-Hoc|x86.Build.0 = Release|Any CPU
		{4DC3A0B1-03A1-4887-B20B-AB36A53543AE}.Ad-Hoc|x86.Deploy.0 = Release|Any CPU
		{4DC3A0B1-03A1-4887-B20B-AB36A53543AE}.AppStore|Any CPU.ActiveCfg = Release|Any CPU
		{4DC3A0B1-03A1-4887-B20B-AB36A53543AE}.AppStore|Any CPU.Build.0 = Release|Any CPU
		{4DC3A0B1-03A1-4887-B20B-AB36A53543AE}.AppStore|Any CPU.Deploy.0 = Release|Any CPU
		{4DC3A0B1-03A1-4887-B20B-AB36A53543AE}.AppStore|ARM.ActiveCfg = Release|Any CPU
		{4DC3A0B1-03A1-4887-B20B-AB36A53543AE}.AppStore|ARM.Build.0 = Release|Any CPU
		{4DC3A0B1-03A1-4887-B20B-AB36A53543AE}.AppStore|ARM.Deploy.0 = Release|Any CPU
		{4DC3A0B1-03A1-4887-B20B-AB36A53543AE}.AppStore|iPhone.ActiveCfg = Release|Any CPU
		{4DC3A0B1-03A1-4887-B20B-AB36A53543AE}.AppStore|iPhone.Build.0 = Release|Any CPU
		{4DC3A0B1-03A1-4887-B20B-AB36A53543AE}.AppStore|iPhone.Deploy.0 = Release|Any CPU
		{4DC3A0B1-03A1-4887-B20B-AB36A53543AE}.AppStore|iPhoneSimulator.ActiveCfg = Release|Any CPU
		{4DC3A0B1-03A1-4887-B20B-AB36A53543AE}.AppStore|iPhoneSimulator.Build.0 = Release|Any CPU
		{4DC3A0B1-03A1-4887-B20B-AB36A53543AE}.AppStore|iPhoneSimulator.Deploy.0 = Release|Any CPU
		{4DC3A0B1-03A1-4887-B20B-AB36A53543AE}.AppStore|x64.ActiveCfg = Release|Any CPU
		{4DC3A0B1-03A1-4887-B20B-AB36A53543AE}.AppStore|x64.Build.0 = Release|Any CPU
		{4DC3A0B1-03A1-4887-B20B-AB36A53543AE}.AppStore|x64.Deploy.0 = Release|Any CPU
		{4DC3A0B1-03A1-4887-B20B-AB36A53543AE}.AppStore|x86.ActiveCfg = Release|Any CPU
		{4DC3A0B1-03A1-4887-B20B-AB36A53543AE}.AppStore|x86.Build.0 = Release|Any CPU
		{4DC3A0B1-03A1-4887-B20B-AB36A53543AE}.AppStore|x86.Deploy.0 = Release|Any CPU
		{4DC3A0B1-03A1-4887-B20B-AB36A53543AE}.Debug|Any CPU.ActiveCfg = Debug|Any CPU
		{4DC3A0B1-03A1-4887-B20B-AB36A53543AE}.Debug|Any CPU.Build.0 = Debug|Any CPU
		{4DC3A0B1-03A1-4887-B20B-AB36A53543AE}.Debug|Any CPU.Deploy.0 = Debug|Any CPU
		{4DC3A0B1-03A1-4887-B20B-AB36A53543AE}.Debug|ARM.ActiveCfg = Debug|Any CPU
		{4DC3A0B1-03A1-4887-B20B-AB36A53543AE}.Debug|ARM.Build.0 = Debug|Any CPU
		{4DC3A0B1-03A1-4887-B20B-AB36A53543AE}.Debug|ARM.Deploy.0 = Debug|Any CPU
		{4DC3A0B1-03A1-4887-B20B-AB36A53543AE}.Debug|iPhone.ActiveCfg = Debug|Any CPU
		{4DC3A0B1-03A1-4887-B20B-AB36A53543AE}.Debug|iPhone.Build.0 = Debug|Any CPU
		{4DC3A0B1-03A1-4887-B20B-AB36A53543AE}.Debug|iPhone.Deploy.0 = Debug|Any CPU
		{4DC3A0B1-03A1-4887-B20B-AB36A53543AE}.Debug|iPhoneSimulator.ActiveCfg = Debug|Any CPU
		{4DC3A0B1-03A1-4887-B20B-AB36A53543AE}.Debug|iPhoneSimulator.Build.0 = Debug|Any CPU
		{4DC3A0B1-03A1-4887-B20B-AB36A53543AE}.Debug|iPhoneSimulator.Deploy.0 = Debug|Any CPU
		{4DC3A0B1-03A1-4887-B20B-AB36A53543AE}.Debug|x64.ActiveCfg = Debug|Any CPU
		{4DC3A0B1-03A1-4887-B20B-AB36A53543AE}.Debug|x64.Build.0 = Debug|Any CPU
		{4DC3A0B1-03A1-4887-B20B-AB36A53543AE}.Debug|x64.Deploy.0 = Debug|Any CPU
		{4DC3A0B1-03A1-4887-B20B-AB36A53543AE}.Debug|x86.ActiveCfg = Debug|Any CPU
		{4DC3A0B1-03A1-4887-B20B-AB36A53543AE}.Debug|x86.Build.0 = Debug|Any CPU
		{4DC3A0B1-03A1-4887-B20B-AB36A53543AE}.Debug|x86.Deploy.0 = Debug|Any CPU
		{4DC3A0B1-03A1-4887-B20B-AB36A53543AE}.Release|Any CPU.ActiveCfg = Release|Any CPU
		{4DC3A0B1-03A1-4887-B20B-AB36A53543AE}.Release|Any CPU.Build.0 = Release|Any CPU
		{4DC3A0B1-03A1-4887-B20B-AB36A53543AE}.Release|Any CPU.Deploy.0 = Release|Any CPU
		{4DC3A0B1-03A1-4887-B20B-AB36A53543AE}.Release|ARM.ActiveCfg = Release|Any CPU
		{4DC3A0B1-03A1-4887-B20B-AB36A53543AE}.Release|ARM.Build.0 = Release|Any CPU
		{4DC3A0B1-03A1-4887-B20B-AB36A53543AE}.Release|ARM.Deploy.0 = Release|Any CPU
		{4DC3A0B1-03A1-4887-B20B-AB36A53543AE}.Release|iPhone.ActiveCfg = Release|Any CPU
		{4DC3A0B1-03A1-4887-B20B-AB36A53543AE}.Release|iPhone.Build.0 = Release|Any CPU
		{4DC3A0B1-03A1-4887-B20B-AB36A53543AE}.Release|iPhone.Deploy.0 = Release|Any CPU
		{4DC3A0B1-03A1-4887-B20B-AB36A53543AE}.Release|iPhoneSimulator.ActiveCfg = Release|Any CPU
		{4DC3A0B1-03A1-4887-B20B-AB36A53543AE}.Release|iPhoneSimulator.Build.0 = Release|Any CPU
		{4DC3A0B1-03A1-4887-B20B-AB36A53543AE}.Release|iPhoneSimulator.Deploy.0 = Release|Any CPU
		{4DC3A0B1-03A1-4887-B20B-AB36A53543AE}.Release|x64.ActiveCfg = Release|Any CPU
		{4DC3A0B1-03A1-4887-B20B-AB36A53543AE}.Release|x64.Build.0 = Release|Any CPU
		{4DC3A0B1-03A1-4887-B20B-AB36A53543AE}.Release|x64.Deploy.0 = Release|Any CPU
		{4DC3A0B1-03A1-4887-B20B-AB36A53543AE}.Release|x86.ActiveCfg = Release|Any CPU
		{4DC3A0B1-03A1-4887-B20B-AB36A53543AE}.Release|x86.Build.0 = Release|Any CPU
		{4DC3A0B1-03A1-4887-B20B-AB36A53543AE}.Release|x86.Deploy.0 = Release|Any CPU
		{95332713-E605-4A0D-8877-0AC9A84D2629}.Ad-Hoc|Any CPU.ActiveCfg = Ad-Hoc|iPhone
		{95332713-E605-4A0D-8877-0AC9A84D2629}.Ad-Hoc|Any CPU.Build.0 = Ad-Hoc|iPhone
		{95332713-E605-4A0D-8877-0AC9A84D2629}.Ad-Hoc|Any CPU.Deploy.0 = Ad-Hoc|iPhone
		{95332713-E605-4A0D-8877-0AC9A84D2629}.Ad-Hoc|ARM.ActiveCfg = Ad-Hoc|iPhone
		{95332713-E605-4A0D-8877-0AC9A84D2629}.Ad-Hoc|ARM.Build.0 = Ad-Hoc|iPhone
		{95332713-E605-4A0D-8877-0AC9A84D2629}.Ad-Hoc|ARM.Deploy.0 = Ad-Hoc|iPhone
		{95332713-E605-4A0D-8877-0AC9A84D2629}.Ad-Hoc|iPhone.ActiveCfg = Ad-Hoc|iPhone
		{95332713-E605-4A0D-8877-0AC9A84D2629}.Ad-Hoc|iPhone.Build.0 = Ad-Hoc|iPhone
		{95332713-E605-4A0D-8877-0AC9A84D2629}.Ad-Hoc|iPhone.Deploy.0 = Ad-Hoc|iPhone
		{95332713-E605-4A0D-8877-0AC9A84D2629}.Ad-Hoc|iPhoneSimulator.ActiveCfg = Ad-Hoc|iPhoneSimulator
		{95332713-E605-4A0D-8877-0AC9A84D2629}.Ad-Hoc|iPhoneSimulator.Build.0 = Ad-Hoc|iPhoneSimulator
		{95332713-E605-4A0D-8877-0AC9A84D2629}.Ad-Hoc|iPhoneSimulator.Deploy.0 = Ad-Hoc|iPhoneSimulator
		{95332713-E605-4A0D-8877-0AC9A84D2629}.Ad-Hoc|x64.ActiveCfg = Ad-Hoc|iPhone
		{95332713-E605-4A0D-8877-0AC9A84D2629}.Ad-Hoc|x64.Build.0 = Ad-Hoc|iPhone
		{95332713-E605-4A0D-8877-0AC9A84D2629}.Ad-Hoc|x64.Deploy.0 = Ad-Hoc|iPhone
		{95332713-E605-4A0D-8877-0AC9A84D2629}.Ad-Hoc|x86.ActiveCfg = Ad-Hoc|iPhone
		{95332713-E605-4A0D-8877-0AC9A84D2629}.Ad-Hoc|x86.Build.0 = Ad-Hoc|iPhone
		{95332713-E605-4A0D-8877-0AC9A84D2629}.Ad-Hoc|x86.Deploy.0 = Ad-Hoc|iPhone
		{95332713-E605-4A0D-8877-0AC9A84D2629}.AppStore|Any CPU.ActiveCfg = AppStore|iPhone
		{95332713-E605-4A0D-8877-0AC9A84D2629}.AppStore|Any CPU.Build.0 = AppStore|iPhone
		{95332713-E605-4A0D-8877-0AC9A84D2629}.AppStore|Any CPU.Deploy.0 = AppStore|iPhone
		{95332713-E605-4A0D-8877-0AC9A84D2629}.AppStore|ARM.ActiveCfg = AppStore|iPhone
		{95332713-E605-4A0D-8877-0AC9A84D2629}.AppStore|ARM.Build.0 = AppStore|iPhone
		{95332713-E605-4A0D-8877-0AC9A84D2629}.AppStore|ARM.Deploy.0 = AppStore|iPhone
		{95332713-E605-4A0D-8877-0AC9A84D2629}.AppStore|iPhone.ActiveCfg = AppStore|iPhone
		{95332713-E605-4A0D-8877-0AC9A84D2629}.AppStore|iPhone.Build.0 = AppStore|iPhone
		{95332713-E605-4A0D-8877-0AC9A84D2629}.AppStore|iPhone.Deploy.0 = AppStore|iPhone
		{95332713-E605-4A0D-8877-0AC9A84D2629}.AppStore|iPhoneSimulator.ActiveCfg = AppStore|iPhoneSimulator
		{95332713-E605-4A0D-8877-0AC9A84D2629}.AppStore|iPhoneSimulator.Build.0 = AppStore|iPhoneSimulator
		{95332713-E605-4A0D-8877-0AC9A84D2629}.AppStore|iPhoneSimulator.Deploy.0 = AppStore|iPhoneSimulator
		{95332713-E605-4A0D-8877-0AC9A84D2629}.AppStore|x64.ActiveCfg = AppStore|iPhone
		{95332713-E605-4A0D-8877-0AC9A84D2629}.AppStore|x64.Build.0 = AppStore|iPhone
		{95332713-E605-4A0D-8877-0AC9A84D2629}.AppStore|x64.Deploy.0 = AppStore|iPhone
		{95332713-E605-4A0D-8877-0AC9A84D2629}.AppStore|x86.ActiveCfg = AppStore|iPhone
		{95332713-E605-4A0D-8877-0AC9A84D2629}.AppStore|x86.Build.0 = AppStore|iPhone
		{95332713-E605-4A0D-8877-0AC9A84D2629}.AppStore|x86.Deploy.0 = AppStore|iPhone
		{95332713-E605-4A0D-8877-0AC9A84D2629}.Debug|Any CPU.ActiveCfg = Debug|iPhoneSimulator
		{95332713-E605-4A0D-8877-0AC9A84D2629}.Debug|Any CPU.Build.0 = Debug|iPhoneSimulator
		{95332713-E605-4A0D-8877-0AC9A84D2629}.Debug|Any CPU.Deploy.0 = Debug|iPhoneSimulator
		{95332713-E605-4A0D-8877-0AC9A84D2629}.Debug|ARM.ActiveCfg = Debug|iPhone
		{95332713-E605-4A0D-8877-0AC9A84D2629}.Debug|ARM.Build.0 = Debug|iPhone
		{95332713-E605-4A0D-8877-0AC9A84D2629}.Debug|ARM.Deploy.0 = Debug|iPhone
		{95332713-E605-4A0D-8877-0AC9A84D2629}.Debug|iPhone.ActiveCfg = Debug|iPhone
		{95332713-E605-4A0D-8877-0AC9A84D2629}.Debug|iPhone.Build.0 = Debug|iPhone
		{95332713-E605-4A0D-8877-0AC9A84D2629}.Debug|iPhone.Deploy.0 = Debug|iPhone
		{95332713-E605-4A0D-8877-0AC9A84D2629}.Debug|iPhoneSimulator.ActiveCfg = Debug|iPhoneSimulator
		{95332713-E605-4A0D-8877-0AC9A84D2629}.Debug|iPhoneSimulator.Build.0 = Debug|iPhoneSimulator
		{95332713-E605-4A0D-8877-0AC9A84D2629}.Debug|iPhoneSimulator.Deploy.0 = Debug|iPhoneSimulator
		{95332713-E605-4A0D-8877-0AC9A84D2629}.Debug|x64.ActiveCfg = Debug|iPhone
		{95332713-E605-4A0D-8877-0AC9A84D2629}.Debug|x64.Build.0 = Debug|iPhone
		{95332713-E605-4A0D-8877-0AC9A84D2629}.Debug|x64.Deploy.0 = Debug|iPhone
		{95332713-E605-4A0D-8877-0AC9A84D2629}.Debug|x86.ActiveCfg = Debug|iPhone
		{95332713-E605-4A0D-8877-0AC9A84D2629}.Debug|x86.Build.0 = Debug|iPhone
		{95332713-E605-4A0D-8877-0AC9A84D2629}.Debug|x86.Deploy.0 = Debug|iPhone
		{95332713-E605-4A0D-8877-0AC9A84D2629}.Release|Any CPU.ActiveCfg = Release|iPhone
		{95332713-E605-4A0D-8877-0AC9A84D2629}.Release|Any CPU.Build.0 = Release|iPhone
		{95332713-E605-4A0D-8877-0AC9A84D2629}.Release|Any CPU.Deploy.0 = Release|iPhone
		{95332713-E605-4A0D-8877-0AC9A84D2629}.Release|ARM.ActiveCfg = Release|iPhone
		{95332713-E605-4A0D-8877-0AC9A84D2629}.Release|ARM.Build.0 = Release|iPhone
		{95332713-E605-4A0D-8877-0AC9A84D2629}.Release|ARM.Deploy.0 = Release|iPhone
		{95332713-E605-4A0D-8877-0AC9A84D2629}.Release|iPhone.ActiveCfg = Release|iPhone
		{95332713-E605-4A0D-8877-0AC9A84D2629}.Release|iPhone.Build.0 = Release|iPhone
		{95332713-E605-4A0D-8877-0AC9A84D2629}.Release|iPhone.Deploy.0 = Release|iPhone
		{95332713-E605-4A0D-8877-0AC9A84D2629}.Release|iPhoneSimulator.ActiveCfg = Release|iPhoneSimulator
		{95332713-E605-4A0D-8877-0AC9A84D2629}.Release|iPhoneSimulator.Build.0 = Release|iPhoneSimulator
		{95332713-E605-4A0D-8877-0AC9A84D2629}.Release|iPhoneSimulator.Deploy.0 = Release|iPhoneSimulator
		{95332713-E605-4A0D-8877-0AC9A84D2629}.Release|x64.ActiveCfg = Release|iPhone
		{95332713-E605-4A0D-8877-0AC9A84D2629}.Release|x64.Build.0 = Release|iPhone
		{95332713-E605-4A0D-8877-0AC9A84D2629}.Release|x64.Deploy.0 = Release|iPhone
		{95332713-E605-4A0D-8877-0AC9A84D2629}.Release|x86.ActiveCfg = Release|iPhone
		{95332713-E605-4A0D-8877-0AC9A84D2629}.Release|x86.Build.0 = Release|iPhone
		{95332713-E605-4A0D-8877-0AC9A84D2629}.Release|x86.Deploy.0 = Release|iPhone
		{0534A514-6122-44FC-80C0-35E43645410F}.Ad-Hoc|Any CPU.ActiveCfg = Release|x86
		{0534A514-6122-44FC-80C0-35E43645410F}.Ad-Hoc|Any CPU.Build.0 = Release|x86
		{0534A514-6122-44FC-80C0-35E43645410F}.Ad-Hoc|Any CPU.Deploy.0 = Release|x86
		{0534A514-6122-44FC-80C0-35E43645410F}.Ad-Hoc|ARM.ActiveCfg = Release|ARM
		{0534A514-6122-44FC-80C0-35E43645410F}.Ad-Hoc|ARM.Build.0 = Release|ARM
		{0534A514-6122-44FC-80C0-35E43645410F}.Ad-Hoc|ARM.Deploy.0 = Release|ARM
		{0534A514-6122-44FC-80C0-35E43645410F}.Ad-Hoc|iPhone.ActiveCfg = Release|x86
		{0534A514-6122-44FC-80C0-35E43645410F}.Ad-Hoc|iPhone.Build.0 = Release|x86
		{0534A514-6122-44FC-80C0-35E43645410F}.Ad-Hoc|iPhone.Deploy.0 = Release|x86
		{0534A514-6122-44FC-80C0-35E43645410F}.Ad-Hoc|iPhoneSimulator.ActiveCfg = Release|x86
		{0534A514-6122-44FC-80C0-35E43645410F}.Ad-Hoc|iPhoneSimulator.Build.0 = Release|x86
		{0534A514-6122-44FC-80C0-35E43645410F}.Ad-Hoc|iPhoneSimulator.Deploy.0 = Release|x86
		{0534A514-6122-44FC-80C0-35E43645410F}.Ad-Hoc|x64.ActiveCfg = Release|x64
		{0534A514-6122-44FC-80C0-35E43645410F}.Ad-Hoc|x64.Build.0 = Release|x64
		{0534A514-6122-44FC-80C0-35E43645410F}.Ad-Hoc|x64.Deploy.0 = Release|x64
		{0534A514-6122-44FC-80C0-35E43645410F}.Ad-Hoc|x86.ActiveCfg = Release|x86
		{0534A514-6122-44FC-80C0-35E43645410F}.Ad-Hoc|x86.Build.0 = Release|x86
		{0534A514-6122-44FC-80C0-35E43645410F}.Ad-Hoc|x86.Deploy.0 = Release|x86
		{0534A514-6122-44FC-80C0-35E43645410F}.AppStore|Any CPU.ActiveCfg = Release|x86
		{0534A514-6122-44FC-80C0-35E43645410F}.AppStore|Any CPU.Build.0 = Release|x86
		{0534A514-6122-44FC-80C0-35E43645410F}.AppStore|Any CPU.Deploy.0 = Release|x86
		{0534A514-6122-44FC-80C0-35E43645410F}.AppStore|ARM.ActiveCfg = Release|ARM
		{0534A514-6122-44FC-80C0-35E43645410F}.AppStore|ARM.Build.0 = Release|ARM
		{0534A514-6122-44FC-80C0-35E43645410F}.AppStore|ARM.Deploy.0 = Release|ARM
		{0534A514-6122-44FC-80C0-35E43645410F}.AppStore|iPhone.ActiveCfg = Release|x86
		{0534A514-6122-44FC-80C0-35E43645410F}.AppStore|iPhone.Build.0 = Release|x86
		{0534A514-6122-44FC-80C0-35E43645410F}.AppStore|iPhone.Deploy.0 = Release|x86
		{0534A514-6122-44FC-80C0-35E43645410F}.AppStore|iPhoneSimulator.ActiveCfg = Release|x86
		{0534A514-6122-44FC-80C0-35E43645410F}.AppStore|iPhoneSimulator.Build.0 = Release|x86
		{0534A514-6122-44FC-80C0-35E43645410F}.AppStore|iPhoneSimulator.Deploy.0 = Release|x86
		{0534A514-6122-44FC-80C0-35E43645410F}.AppStore|x64.ActiveCfg = Release|x64
		{0534A514-6122-44FC-80C0-35E43645410F}.AppStore|x64.Build.0 = Release|x64
		{0534A514-6122-44FC-80C0-35E43645410F}.AppStore|x64.Deploy.0 = Release|x64
		{0534A514-6122-44FC-80C0-35E43645410F}.AppStore|x86.ActiveCfg = Release|x86
		{0534A514-6122-44FC-80C0-35E43645410F}.AppStore|x86.Build.0 = Release|x86
		{0534A514-6122-44FC-80C0-35E43645410F}.AppStore|x86.Deploy.0 = Release|x86
		{0534A514-6122-44FC-80C0-35E43645410F}.Debug|Any CPU.ActiveCfg = Debug|x86
		{0534A514-6122-44FC-80C0-35E43645410F}.Debug|Any CPU.Build.0 = Debug|x86
		{0534A514-6122-44FC-80C0-35E43645410F}.Debug|Any CPU.Deploy.0 = Debug|x86
		{0534A514-6122-44FC-80C0-35E43645410F}.Debug|ARM.ActiveCfg = Debug|ARM
		{0534A514-6122-44FC-80C0-35E43645410F}.Debug|ARM.Build.0 = Debug|ARM
		{0534A514-6122-44FC-80C0-35E43645410F}.Debug|ARM.Deploy.0 = Debug|ARM
		{0534A514-6122-44FC-80C0-35E43645410F}.Debug|iPhone.ActiveCfg = Debug|x86
		{0534A514-6122-44FC-80C0-35E43645410F}.Debug|iPhone.Build.0 = Debug|x86
		{0534A514-6122-44FC-80C0-35E43645410F}.Debug|iPhone.Deploy.0 = Debug|x86
		{0534A514-6122-44FC-80C0-35E43645410F}.Debug|iPhoneSimulator.ActiveCfg = Debug|x86
		{0534A514-6122-44FC-80C0-35E43645410F}.Debug|iPhoneSimulator.Build.0 = Debug|x86
		{0534A514-6122-44FC-80C0-35E43645410F}.Debug|iPhoneSimulator.Deploy.0 = Debug|x86
		{0534A514-6122-44FC-80C0-35E43645410F}.Debug|x64.ActiveCfg = Debug|x64
		{0534A514-6122-44FC-80C0-35E43645410F}.Debug|x64.Build.0 = Debug|x64
		{0534A514-6122-44FC-80C0-35E43645410F}.Debug|x64.Deploy.0 = Debug|x64
		{0534A514-6122-44FC-80C0-35E43645410F}.Debug|x86.ActiveCfg = Debug|x86
		{0534A514-6122-44FC-80C0-35E43645410F}.Debug|x86.Build.0 = Debug|x86
		{0534A514-6122-44FC-80C0-35E43645410F}.Debug|x86.Deploy.0 = Debug|x86
		{0534A514-6122-44FC-80C0-35E43645410F}.Release|Any CPU.ActiveCfg = Release|x86
		{0534A514-6122-44FC-80C0-35E43645410F}.Release|Any CPU.Build.0 = Release|x86
		{0534A514-6122-44FC-80C0-35E43645410F}.Release|Any CPU.Deploy.0 = Release|x86
		{0534A514-6122-44FC-80C0-35E43645410F}.Release|ARM.ActiveCfg = Release|ARM
		{0534A514-6122-44FC-80C0-35E43645410F}.Release|ARM.Build.0 = Release|ARM
		{0534A514-6122-44FC-80C0-35E43645410F}.Release|ARM.Deploy.0 = Release|ARM
		{0534A514-6122-44FC-80C0-35E43645410F}.Release|iPhone.ActiveCfg = Release|x86
		{0534A514-6122-44FC-80C0-35E43645410F}.Release|iPhone.Build.0 = Release|x86
		{0534A514-6122-44FC-80C0-35E43645410F}.Release|iPhone.Deploy.0 = Release|x86
		{0534A514-6122-44FC-80C0-35E43645410F}.Release|iPhoneSimulator.ActiveCfg = Release|x86
		{0534A514-6122-44FC-80C0-35E43645410F}.Release|iPhoneSimulator.Build.0 = Release|x86
		{0534A514-6122-44FC-80C0-35E43645410F}.Release|iPhoneSimulator.Deploy.0 = Release|x86
		{0534A514-6122-44FC-80C0-35E43645410F}.Release|x64.ActiveCfg = Release|x64
		{0534A514-6122-44FC-80C0-35E43645410F}.Release|x64.Build.0 = Release|x64
		{0534A514-6122-44FC-80C0-35E43645410F}.Release|x64.Deploy.0 = Release|x64
		{0534A514-6122-44FC-80C0-35E43645410F}.Release|x86.ActiveCfg = Release|x86
		{0534A514-6122-44FC-80C0-35E43645410F}.Release|x86.Build.0 = Release|x86
		{0534A514-6122-44FC-80C0-35E43645410F}.Release|x86.Deploy.0 = Release|x86
		{9484173A-880C-45B2-9B01-B18FF2806D71}.Ad-Hoc|Any CPU.ActiveCfg = Debug|Any CPU
		{9484173A-880C-45B2-9B01-B18FF2806D71}.Ad-Hoc|Any CPU.Build.0 = Debug|Any CPU
		{9484173A-880C-45B2-9B01-B18FF2806D71}.Ad-Hoc|Any CPU.Deploy.0 = Debug|Any CPU
		{9484173A-880C-45B2-9B01-B18FF2806D71}.Ad-Hoc|ARM.ActiveCfg = Debug|Any CPU
		{9484173A-880C-45B2-9B01-B18FF2806D71}.Ad-Hoc|ARM.Build.0 = Debug|Any CPU
		{9484173A-880C-45B2-9B01-B18FF2806D71}.Ad-Hoc|ARM.Deploy.0 = Debug|Any CPU
		{9484173A-880C-45B2-9B01-B18FF2806D71}.Ad-Hoc|iPhone.ActiveCfg = Debug|Any CPU
		{9484173A-880C-45B2-9B01-B18FF2806D71}.Ad-Hoc|iPhone.Build.0 = Debug|Any CPU
		{9484173A-880C-45B2-9B01-B18FF2806D71}.Ad-Hoc|iPhone.Deploy.0 = Debug|Any CPU
		{9484173A-880C-45B2-9B01-B18FF2806D71}.Ad-Hoc|iPhoneSimulator.ActiveCfg = Debug|Any CPU
		{9484173A-880C-45B2-9B01-B18FF2806D71}.Ad-Hoc|iPhoneSimulator.Build.0 = Debug|Any CPU
		{9484173A-880C-45B2-9B01-B18FF2806D71}.Ad-Hoc|iPhoneSimulator.Deploy.0 = Debug|Any CPU
		{9484173A-880C-45B2-9B01-B18FF2806D71}.Ad-Hoc|x64.ActiveCfg = Debug|Any CPU
		{9484173A-880C-45B2-9B01-B18FF2806D71}.Ad-Hoc|x64.Build.0 = Debug|Any CPU
		{9484173A-880C-45B2-9B01-B18FF2806D71}.Ad-Hoc|x64.Deploy.0 = Debug|Any CPU
		{9484173A-880C-45B2-9B01-B18FF2806D71}.Ad-Hoc|x86.ActiveCfg = Debug|Any CPU
		{9484173A-880C-45B2-9B01-B18FF2806D71}.Ad-Hoc|x86.Build.0 = Debug|Any CPU
		{9484173A-880C-45B2-9B01-B18FF2806D71}.Ad-Hoc|x86.Deploy.0 = Debug|Any CPU
		{9484173A-880C-45B2-9B01-B18FF2806D71}.AppStore|Any CPU.ActiveCfg = Debug|Any CPU
		{9484173A-880C-45B2-9B01-B18FF2806D71}.AppStore|Any CPU.Build.0 = Debug|Any CPU
		{9484173A-880C-45B2-9B01-B18FF2806D71}.AppStore|Any CPU.Deploy.0 = Debug|Any CPU
		{9484173A-880C-45B2-9B01-B18FF2806D71}.AppStore|ARM.ActiveCfg = Debug|Any CPU
		{9484173A-880C-45B2-9B01-B18FF2806D71}.AppStore|ARM.Build.0 = Debug|Any CPU
		{9484173A-880C-45B2-9B01-B18FF2806D71}.AppStore|ARM.Deploy.0 = Debug|Any CPU
		{9484173A-880C-45B2-9B01-B18FF2806D71}.AppStore|iPhone.ActiveCfg = Debug|Any CPU
		{9484173A-880C-45B2-9B01-B18FF2806D71}.AppStore|iPhone.Build.0 = Debug|Any CPU
		{9484173A-880C-45B2-9B01-B18FF2806D71}.AppStore|iPhone.Deploy.0 = Debug|Any CPU
		{9484173A-880C-45B2-9B01-B18FF2806D71}.AppStore|iPhoneSimulator.ActiveCfg = Debug|Any CPU
		{9484173A-880C-45B2-9B01-B18FF2806D71}.AppStore|iPhoneSimulator.Build.0 = Debug|Any CPU
		{9484173A-880C-45B2-9B01-B18FF2806D71}.AppStore|iPhoneSimulator.Deploy.0 = Debug|Any CPU
		{9484173A-880C-45B2-9B01-B18FF2806D71}.AppStore|x64.ActiveCfg = Debug|Any CPU
		{9484173A-880C-45B2-9B01-B18FF2806D71}.AppStore|x64.Build.0 = Debug|Any CPU
		{9484173A-880C-45B2-9B01-B18FF2806D71}.AppStore|x64.Deploy.0 = Debug|Any CPU
		{9484173A-880C-45B2-9B01-B18FF2806D71}.AppStore|x86.ActiveCfg = Debug|Any CPU
		{9484173A-880C-45B2-9B01-B18FF2806D71}.AppStore|x86.Build.0 = Debug|Any CPU
		{9484173A-880C-45B2-9B01-B18FF2806D71}.AppStore|x86.Deploy.0 = Debug|Any CPU
		{9484173A-880C-45B2-9B01-B18FF2806D71}.Debug|Any CPU.ActiveCfg = Debug|Any CPU
		{9484173A-880C-45B2-9B01-B18FF2806D71}.Debug|Any CPU.Build.0 = Debug|Any CPU
		{9484173A-880C-45B2-9B01-B18FF2806D71}.Debug|Any CPU.Deploy.0 = Debug|Any CPU
		{9484173A-880C-45B2-9B01-B18FF2806D71}.Debug|ARM.ActiveCfg = Debug|Any CPU
		{9484173A-880C-45B2-9B01-B18FF2806D71}.Debug|ARM.Build.0 = Debug|Any CPU
		{9484173A-880C-45B2-9B01-B18FF2806D71}.Debug|ARM.Deploy.0 = Debug|Any CPU
		{9484173A-880C-45B2-9B01-B18FF2806D71}.Debug|iPhone.ActiveCfg = Debug|Any CPU
		{9484173A-880C-45B2-9B01-B18FF2806D71}.Debug|iPhone.Build.0 = Debug|Any CPU
		{9484173A-880C-45B2-9B01-B18FF2806D71}.Debug|iPhone.Deploy.0 = Debug|Any CPU
		{9484173A-880C-45B2-9B01-B18FF2806D71}.Debug|iPhoneSimulator.ActiveCfg = Debug|Any CPU
		{9484173A-880C-45B2-9B01-B18FF2806D71}.Debug|iPhoneSimulator.Build.0 = Debug|Any CPU
		{9484173A-880C-45B2-9B01-B18FF2806D71}.Debug|iPhoneSimulator.Deploy.0 = Debug|Any CPU
		{9484173A-880C-45B2-9B01-B18FF2806D71}.Debug|x64.ActiveCfg = Debug|Any CPU
		{9484173A-880C-45B2-9B01-B18FF2806D71}.Debug|x64.Build.0 = Debug|Any CPU
		{9484173A-880C-45B2-9B01-B18FF2806D71}.Debug|x64.Deploy.0 = Debug|Any CPU
		{9484173A-880C-45B2-9B01-B18FF2806D71}.Debug|x86.ActiveCfg = Debug|Any CPU
		{9484173A-880C-45B2-9B01-B18FF2806D71}.Debug|x86.Build.0 = Debug|Any CPU
		{9484173A-880C-45B2-9B01-B18FF2806D71}.Debug|x86.Deploy.0 = Debug|Any CPU
		{9484173A-880C-45B2-9B01-B18FF2806D71}.Release|Any CPU.ActiveCfg = Release|Any CPU
		{9484173A-880C-45B2-9B01-B18FF2806D71}.Release|Any CPU.Build.0 = Release|Any CPU
		{9484173A-880C-45B2-9B01-B18FF2806D71}.Release|Any CPU.Deploy.0 = Release|Any CPU
		{9484173A-880C-45B2-9B01-B18FF2806D71}.Release|ARM.ActiveCfg = Release|Any CPU
		{9484173A-880C-45B2-9B01-B18FF2806D71}.Release|ARM.Build.0 = Release|Any CPU
		{9484173A-880C-45B2-9B01-B18FF2806D71}.Release|ARM.Deploy.0 = Release|Any CPU
		{9484173A-880C-45B2-9B01-B18FF2806D71}.Release|iPhone.ActiveCfg = Release|Any CPU
		{9484173A-880C-45B2-9B01-B18FF2806D71}.Release|iPhone.Build.0 = Release|Any CPU
		{9484173A-880C-45B2-9B01-B18FF2806D71}.Release|iPhone.Deploy.0 = Release|Any CPU
		{9484173A-880C-45B2-9B01-B18FF2806D71}.Release|iPhoneSimulator.ActiveCfg = Release|Any CPU
		{9484173A-880C-45B2-9B01-B18FF2806D71}.Release|iPhoneSimulator.Build.0 = Release|Any CPU
		{9484173A-880C-45B2-9B01-B18FF2806D71}.Release|iPhoneSimulator.Deploy.0 = Release|Any CPU
		{9484173A-880C-45B2-9B01-B18FF2806D71}.Release|x64.ActiveCfg = Release|Any CPU
		{9484173A-880C-45B2-9B01-B18FF2806D71}.Release|x64.Build.0 = Release|Any CPU
		{9484173A-880C-45B2-9B01-B18FF2806D71}.Release|x64.Deploy.0 = Release|Any CPU
		{9484173A-880C-45B2-9B01-B18FF2806D71}.Release|x86.ActiveCfg = Release|Any CPU
		{9484173A-880C-45B2-9B01-B18FF2806D71}.Release|x86.Build.0 = Release|Any CPU
		{9484173A-880C-45B2-9B01-B18FF2806D71}.Release|x86.Deploy.0 = Release|Any CPU
	EndGlobalSection
	GlobalSection(SolutionProperties) = preSolution
		HideSolutionNode = FALSE
	EndGlobalSection
	GlobalSection(ExtensibilityGlobals) = postSolution
		SolutionGuid = {BF77FD0D-5855-40AC-9641-261F84283E7B}
	EndGlobalSection
EndGlobal
